// !$*UTF8*$!
{
	archiveVersion = 1;
	classes = {
	};
	objectVersion = 56;
	objects = {

/* Begin PBXBuildFile section */
		26A476C32BDA5D10000709A8 /* cameraViewController.swift in Sources */ = {isa = PBXBuildFile; fileRef = 26A476C22BDA5D10000709A8 /* cameraViewController.swift */; };
		26A476C52BDA670B000709A8 /* offTrackViewController.swift in Sources */ = {isa = PBXBuildFile; fileRef = 26A476C42BDA670B000709A8 /* offTrackViewController.swift */; };
		26A476C72BDA6786000709A8 /* onTrackViewController.swift in Sources */ = {isa = PBXBuildFile; fileRef = 26A476C62BDA6786000709A8 /* onTrackViewController.swift */; };
		26A476C92BDA67B5000709A8 /* hapticGuideEndsViewController.swift in Sources */ = {isa = PBXBuildFile; fileRef = 26A476C82BDA67B5000709A8 /* hapticGuideEndsViewController.swift */; };
		3FFCECAE2BC3FE3600790386 /* AppDelegate.swift in Sources */ = {isa = PBXBuildFile; fileRef = 3FFCECAD2BC3FE3600790386 /* AppDelegate.swift */; };
		3FFCECB02BC3FE3600790386 /* SceneDelegate.swift in Sources */ = {isa = PBXBuildFile; fileRef = 3FFCECAF2BC3FE3600790386 /* SceneDelegate.swift */; };
		3FFCECB22BC3FE3600790386 /* ViewController.swift in Sources */ = {isa = PBXBuildFile; fileRef = 3FFCECB12BC3FE3600790386 /* ViewController.swift */; };
		3FFCECB52BC3FE3600790386 /* Base in Resources */ = {isa = PBXBuildFile; fileRef = 3FFCECB42BC3FE3600790386 /* Base */; };
		3FFCECB72BC3FE3700790386 /* Assets.xcassets in Resources */ = {isa = PBXBuildFile; fileRef = 3FFCECB62BC3FE3700790386 /* Assets.xcassets */; };
		3FFCECBA2BC3FE3700790386 /* Base in Resources */ = {isa = PBXBuildFile; fileRef = 3FFCECB92BC3FE3700790386 /* Base */; };
		3FFCECC52BC3FE3800790386 /* SightGuideTests.swift in Sources */ = {isa = PBXBuildFile; fileRef = 3FFCECC42BC3FE3800790386 /* SightGuideTests.swift */; };
		3FFCECCF2BC3FE3800790386 /* SightGuideUITests.swift in Sources */ = {isa = PBXBuildFile; fileRef = 3FFCECCE2BC3FE3800790386 /* SightGuideUITests.swift */; };
		3FFCECD12BC3FE3800790386 /* SightGuideUITestsLaunchTests.swift in Sources */ = {isa = PBXBuildFile; fileRef = 3FFCECD02BC3FE3800790386 /* SightGuideUITestsLaunchTests.swift */; };
		ED0E81262BE41C2E0020EC52 /* realityViewController.swift in Sources */ = {isa = PBXBuildFile; fileRef = ED0E81252BE41C2E0020EC52 /* realityViewController.swift */; };
		ED0E81282BE41C8A0020EC52 /* coachingOverlay.swift in Sources */ = {isa = PBXBuildFile; fileRef = ED0E81272BE41C8A0020EC52 /* coachingOverlay.swift */; };
		ED0E812A2BE41CA60020EC52 /* Extensions.swift in Sources */ = {isa = PBXBuildFile; fileRef = ED0E81292BE41CA60020EC52 /* Extensions.swift */; };
/* End PBXBuildFile section */

/* Begin PBXContainerItemProxy section */
		3FFCECC12BC3FE3800790386 /* PBXContainerItemProxy */ = {
			isa = PBXContainerItemProxy;
			containerPortal = 3FFCECA22BC3FE3600790386 /* Project object */;
			proxyType = 1;
			remoteGlobalIDString = 3FFCECA92BC3FE3600790386;
			remoteInfo = SightGuide;
		};
		3FFCECCB2BC3FE3800790386 /* PBXContainerItemProxy */ = {
			isa = PBXContainerItemProxy;
			containerPortal = 3FFCECA22BC3FE3600790386 /* Project object */;
			proxyType = 1;
			remoteGlobalIDString = 3FFCECA92BC3FE3600790386;
			remoteInfo = SightGuide;
		};
/* End PBXContainerItemProxy section */

/* Begin PBXFileReference section */
		266714C82BDF59F800E8D715 /* VisionKit.framework */ = {isa = PBXFileReference; lastKnownFileType = wrapper.framework; name = VisionKit.framework; path = System/Library/Frameworks/VisionKit.framework; sourceTree = SDKROOT; };
		26A476C22BDA5D10000709A8 /* cameraViewController.swift */ = {isa = PBXFileReference; lastKnownFileType = sourcecode.swift; path = cameraViewController.swift; sourceTree = "<group>"; };
		26A476C42BDA670B000709A8 /* offTrackViewController.swift */ = {isa = PBXFileReference; lastKnownFileType = sourcecode.swift; path = offTrackViewController.swift; sourceTree = "<group>"; };
		26A476C62BDA6786000709A8 /* onTrackViewController.swift */ = {isa = PBXFileReference; lastKnownFileType = sourcecode.swift; path = onTrackViewController.swift; sourceTree = "<group>"; };
		26A476C82BDA67B5000709A8 /* hapticGuideEndsViewController.swift */ = {isa = PBXFileReference; lastKnownFileType = sourcecode.swift; path = hapticGuideEndsViewController.swift; sourceTree = "<group>"; };
		3FFCECAA2BC3FE3600790386 /* SightGuide.app */ = {isa = PBXFileReference; explicitFileType = wrapper.application; includeInIndex = 0; path = SightGuide.app; sourceTree = BUILT_PRODUCTS_DIR; };
		3FFCECAD2BC3FE3600790386 /* AppDelegate.swift */ = {isa = PBXFileReference; lastKnownFileType = sourcecode.swift; path = AppDelegate.swift; sourceTree = "<group>"; };
		3FFCECAF2BC3FE3600790386 /* SceneDelegate.swift */ = {isa = PBXFileReference; lastKnownFileType = sourcecode.swift; path = SceneDelegate.swift; sourceTree = "<group>"; };
		3FFCECB12BC3FE3600790386 /* ViewController.swift */ = {isa = PBXFileReference; lastKnownFileType = sourcecode.swift; path = ViewController.swift; sourceTree = "<group>"; };
		3FFCECB42BC3FE3600790386 /* Base */ = {isa = PBXFileReference; lastKnownFileType = file.storyboard; name = Base; path = Base.lproj/Main.storyboard; sourceTree = "<group>"; };
		3FFCECB62BC3FE3700790386 /* Assets.xcassets */ = {isa = PBXFileReference; lastKnownFileType = folder.assetcatalog; path = Assets.xcassets; sourceTree = "<group>"; };
		3FFCECB92BC3FE3700790386 /* Base */ = {isa = PBXFileReference; lastKnownFileType = file.storyboard; name = Base; path = Base.lproj/LaunchScreen.storyboard; sourceTree = "<group>"; };
		3FFCECBB2BC3FE3700790386 /* Info.plist */ = {isa = PBXFileReference; lastKnownFileType = text.plist.xml; path = Info.plist; sourceTree = "<group>"; };
		3FFCECC02BC3FE3800790386 /* SightGuideTests.xctest */ = {isa = PBXFileReference; explicitFileType = wrapper.cfbundle; includeInIndex = 0; path = SightGuideTests.xctest; sourceTree = BUILT_PRODUCTS_DIR; };
		3FFCECC42BC3FE3800790386 /* SightGuideTests.swift */ = {isa = PBXFileReference; lastKnownFileType = sourcecode.swift; path = SightGuideTests.swift; sourceTree = "<group>"; };
		3FFCECCA2BC3FE3800790386 /* SightGuideUITests.xctest */ = {isa = PBXFileReference; explicitFileType = wrapper.cfbundle; includeInIndex = 0; path = SightGuideUITests.xctest; sourceTree = BUILT_PRODUCTS_DIR; };
		3FFCECCE2BC3FE3800790386 /* SightGuideUITests.swift */ = {isa = PBXFileReference; lastKnownFileType = sourcecode.swift; path = SightGuideUITests.swift; sourceTree = "<group>"; };
		3FFCECD02BC3FE3800790386 /* SightGuideUITestsLaunchTests.swift */ = {isa = PBXFileReference; lastKnownFileType = sourcecode.swift; path = SightGuideUITestsLaunchTests.swift; sourceTree = "<group>"; };
		ED0E81252BE41C2E0020EC52 /* realityViewController.swift */ = {isa = PBXFileReference; lastKnownFileType = sourcecode.swift; path = realityViewController.swift; sourceTree = "<group>"; };
		ED0E81272BE41C8A0020EC52 /* coachingOverlay.swift */ = {isa = PBXFileReference; lastKnownFileType = sourcecode.swift; path = coachingOverlay.swift; sourceTree = "<group>"; };
		ED0E81292BE41CA60020EC52 /* Extensions.swift */ = {isa = PBXFileReference; lastKnownFileType = sourcecode.swift; path = Extensions.swift; sourceTree = "<group>"; };
/* End PBXFileReference section */

/* Begin PBXFrameworksBuildPhase section */
		3FFCECA72BC3FE3600790386 /* Frameworks */ = {
			isa = PBXFrameworksBuildPhase;
			buildActionMask = 2147483647;
			files = (
			);
			runOnlyForDeploymentPostprocessing = 0;
		};
		3FFCECBD2BC3FE3800790386 /* Frameworks */ = {
			isa = PBXFrameworksBuildPhase;
			buildActionMask = 2147483647;
			files = (
			);
			runOnlyForDeploymentPostprocessing = 0;
		};
		3FFCECC72BC3FE3800790386 /* Frameworks */ = {
			isa = PBXFrameworksBuildPhase;
			buildActionMask = 2147483647;
			files = (
			);
			runOnlyForDeploymentPostprocessing = 0;
		};
/* End PBXFrameworksBuildPhase section */

/* Begin PBXGroup section */
		266714C72BDF59F800E8D715 /* Frameworks */ = {
			isa = PBXGroup;
			children = (
				266714C82BDF59F800E8D715 /* VisionKit.framework */,
			);
			name = Frameworks;
			sourceTree = "<group>";
		};
		3FFCECA12BC3FE3600790386 = {
			isa = PBXGroup;
			children = (
				3FFCECAC2BC3FE3600790386 /* SightGuide */,
				3FFCECC32BC3FE3800790386 /* SightGuideTests */,
				3FFCECCD2BC3FE3800790386 /* SightGuideUITests */,
				3FFCECAB2BC3FE3600790386 /* Products */,
				266714C72BDF59F800E8D715 /* Frameworks */,
			);
			sourceTree = "<group>";
		};
		3FFCECAB2BC3FE3600790386 /* Products */ = {
			isa = PBXGroup;
			children = (
				3FFCECAA2BC3FE3600790386 /* SightGuide.app */,
				3FFCECC02BC3FE3800790386 /* SightGuideTests.xctest */,
				3FFCECCA2BC3FE3800790386 /* SightGuideUITests.xctest */,
			);
			name = Products;
			sourceTree = "<group>";
		};
		3FFCECAC2BC3FE3600790386 /* SightGuide */ = {
			isa = PBXGroup;
			children = (
				3FFCECAD2BC3FE3600790386 /* AppDelegate.swift */,
				3FFCECAF2BC3FE3600790386 /* SceneDelegate.swift */,
				3FFCECB12BC3FE3600790386 /* ViewController.swift */,
				26A476C42BDA670B000709A8 /* offTrackViewController.swift */,
				26A476C62BDA6786000709A8 /* onTrackViewController.swift */,
				26A476C82BDA67B5000709A8 /* hapticGuideEndsViewController.swift */,
				26A476C22BDA5D10000709A8 /* cameraViewController.swift */,
				3FFCECB32BC3FE3600790386 /* Main.storyboard */,
				3FFCECB62BC3FE3700790386 /* Assets.xcassets */,
				3FFCECB82BC3FE3700790386 /* LaunchScreen.storyboard */,
				3FFCECBB2BC3FE3700790386 /* Info.plist */,
				ED0E81252BE41C2E0020EC52 /* realityViewController.swift */,
				ED0E81272BE41C8A0020EC52 /* coachingOverlay.swift */,
				ED0E81292BE41CA60020EC52 /* Extensions.swift */,
			);
			path = SightGuide;
			sourceTree = "<group>";
		};
		3FFCECC32BC3FE3800790386 /* SightGuideTests */ = {
			isa = PBXGroup;
			children = (
				3FFCECC42BC3FE3800790386 /* SightGuideTests.swift */,
			);
			path = SightGuideTests;
			sourceTree = "<group>";
		};
		3FFCECCD2BC3FE3800790386 /* SightGuideUITests */ = {
			isa = PBXGroup;
			children = (
				3FFCECCE2BC3FE3800790386 /* SightGuideUITests.swift */,
				3FFCECD02BC3FE3800790386 /* SightGuideUITestsLaunchTests.swift */,
			);
			path = SightGuideUITests;
			sourceTree = "<group>";
		};
/* End PBXGroup section */

/* Begin PBXNativeTarget section */
		3FFCECA92BC3FE3600790386 /* SightGuide */ = {
			isa = PBXNativeTarget;
			buildConfigurationList = 3FFCECD42BC3FE3800790386 /* Build configuration list for PBXNativeTarget "SightGuide" */;
			buildPhases = (
				3FFCECA62BC3FE3600790386 /* Sources */,
				3FFCECA72BC3FE3600790386 /* Frameworks */,
				3FFCECA82BC3FE3600790386 /* Resources */,
			);
			buildRules = (
			);
			dependencies = (
			);
			name = SightGuide;
			packageProductDependencies = (
			);
			productName = SightGuide;
			productReference = 3FFCECAA2BC3FE3600790386 /* SightGuide.app */;
			productType = "com.apple.product-type.application";
		};
		3FFCECBF2BC3FE3800790386 /* SightGuideTests */ = {
			isa = PBXNativeTarget;
			buildConfigurationList = 3FFCECD72BC3FE3800790386 /* Build configuration list for PBXNativeTarget "SightGuideTests" */;
			buildPhases = (
				3FFCECBC2BC3FE3800790386 /* Sources */,
				3FFCECBD2BC3FE3800790386 /* Frameworks */,
				3FFCECBE2BC3FE3800790386 /* Resources */,
			);
			buildRules = (
			);
			dependencies = (
				3FFCECC22BC3FE3800790386 /* PBXTargetDependency */,
			);
			name = SightGuideTests;
			productName = SightGuideTests;
			productReference = 3FFCECC02BC3FE3800790386 /* SightGuideTests.xctest */;
			productType = "com.apple.product-type.bundle.unit-test";
		};
		3FFCECC92BC3FE3800790386 /* SightGuideUITests */ = {
			isa = PBXNativeTarget;
			buildConfigurationList = 3FFCECDA2BC3FE3800790386 /* Build configuration list for PBXNativeTarget "SightGuideUITests" */;
			buildPhases = (
				3FFCECC62BC3FE3800790386 /* Sources */,
				3FFCECC72BC3FE3800790386 /* Frameworks */,
				3FFCECC82BC3FE3800790386 /* Resources */,
			);
			buildRules = (
			);
			dependencies = (
				3FFCECCC2BC3FE3800790386 /* PBXTargetDependency */,
			);
			name = SightGuideUITests;
			productName = SightGuideUITests;
			productReference = 3FFCECCA2BC3FE3800790386 /* SightGuideUITests.xctest */;
			productType = "com.apple.product-type.bundle.ui-testing";
		};
/* End PBXNativeTarget section */

/* Begin PBXProject section */
		3FFCECA22BC3FE3600790386 /* Project object */ = {
			isa = PBXProject;
			attributes = {
				BuildIndependentTargetsInParallel = 1;
				LastSwiftUpdateCheck = 1530;
				LastUpgradeCheck = 1530;
				TargetAttributes = {
					3FFCECA92BC3FE3600790386 = {
						CreatedOnToolsVersion = 15.3;
					};
					3FFCECBF2BC3FE3800790386 = {
						CreatedOnToolsVersion = 15.3;
						TestTargetID = 3FFCECA92BC3FE3600790386;
					};
					3FFCECC92BC3FE3800790386 = {
						CreatedOnToolsVersion = 15.3;
						TestTargetID = 3FFCECA92BC3FE3600790386;
					};
				};
			};
			buildConfigurationList = 3FFCECA52BC3FE3600790386 /* Build configuration list for PBXProject "SightGuide" */;
			compatibilityVersion = "Xcode 14.0";
			developmentRegion = en;
			hasScannedForEncodings = 0;
			knownRegions = (
				en,
				Base,
			);
			mainGroup = 3FFCECA12BC3FE3600790386;
			packageReferences = (
				266714CD2BDF5CAD00E8D715 /* XCRemoteSwiftPackageReference "swift-algorithms" */,
			);
			productRefGroup = 3FFCECAB2BC3FE3600790386 /* Products */;
			projectDirPath = "";
			projectRoot = "";
			targets = (
				3FFCECA92BC3FE3600790386 /* SightGuide */,
				3FFCECBF2BC3FE3800790386 /* SightGuideTests */,
				3FFCECC92BC3FE3800790386 /* SightGuideUITests */,
			);
		};
/* End PBXProject section */

/* Begin PBXResourcesBuildPhase section */
		3FFCECA82BC3FE3600790386 /* Resources */ = {
			isa = PBXResourcesBuildPhase;
			buildActionMask = 2147483647;
			files = (
				3FFCECB72BC3FE3700790386 /* Assets.xcassets in Resources */,
				3FFCECBA2BC3FE3700790386 /* Base in Resources */,
				3FFCECB52BC3FE3600790386 /* Base in Resources */,
			);
			runOnlyForDeploymentPostprocessing = 0;
		};
		3FFCECBE2BC3FE3800790386 /* Resources */ = {
			isa = PBXResourcesBuildPhase;
			buildActionMask = 2147483647;
			files = (
			);
			runOnlyForDeploymentPostprocessing = 0;
		};
		3FFCECC82BC3FE3800790386 /* Resources */ = {
			isa = PBXResourcesBuildPhase;
			buildActionMask = 2147483647;
			files = (
			);
			runOnlyForDeploymentPostprocessing = 0;
		};
/* End PBXResourcesBuildPhase section */

/* Begin PBXSourcesBuildPhase section */
		3FFCECA62BC3FE3600790386 /* Sources */ = {
			isa = PBXSourcesBuildPhase;
			buildActionMask = 2147483647;
			files = (
				26A476C92BDA67B5000709A8 /* hapticGuideEndsViewController.swift in Sources */,
				26A476C52BDA670B000709A8 /* offTrackViewController.swift in Sources */,
				26A476C72BDA6786000709A8 /* onTrackViewController.swift in Sources */,
				3FFCECB22BC3FE3600790386 /* ViewController.swift in Sources */,
				ED0E81282BE41C8A0020EC52 /* coachingOverlay.swift in Sources */,
				ED0E812A2BE41CA60020EC52 /* Extensions.swift in Sources */,
				26A476C32BDA5D10000709A8 /* cameraViewController.swift in Sources */,
				3FFCECAE2BC3FE3600790386 /* AppDelegate.swift in Sources */,
				3FFCECB02BC3FE3600790386 /* SceneDelegate.swift in Sources */,
				ED0E81262BE41C2E0020EC52 /* realityViewController.swift in Sources */,
			);
			runOnlyForDeploymentPostprocessing = 0;
		};
		3FFCECBC2BC3FE3800790386 /* Sources */ = {
			isa = PBXSourcesBuildPhase;
			buildActionMask = 2147483647;
			files = (
				3FFCECC52BC3FE3800790386 /* SightGuideTests.swift in Sources */,
			);
			runOnlyForDeploymentPostprocessing = 0;
		};
		3FFCECC62BC3FE3800790386 /* Sources */ = {
			isa = PBXSourcesBuildPhase;
			buildActionMask = 2147483647;
			files = (
				3FFCECCF2BC3FE3800790386 /* SightGuideUITests.swift in Sources */,
				3FFCECD12BC3FE3800790386 /* SightGuideUITestsLaunchTests.swift in Sources */,
			);
			runOnlyForDeploymentPostprocessing = 0;
		};
/* End PBXSourcesBuildPhase section */

/* Begin PBXTargetDependency section */
		3FFCECC22BC3FE3800790386 /* PBXTargetDependency */ = {
			isa = PBXTargetDependency;
			target = 3FFCECA92BC3FE3600790386 /* SightGuide */;
			targetProxy = 3FFCECC12BC3FE3800790386 /* PBXContainerItemProxy */;
		};
		3FFCECCC2BC3FE3800790386 /* PBXTargetDependency */ = {
			isa = PBXTargetDependency;
			target = 3FFCECA92BC3FE3600790386 /* SightGuide */;
			targetProxy = 3FFCECCB2BC3FE3800790386 /* PBXContainerItemProxy */;
		};
/* End PBXTargetDependency section */

/* Begin PBXVariantGroup section */
		3FFCECB32BC3FE3600790386 /* Main.storyboard */ = {
			isa = PBXVariantGroup;
			children = (
				3FFCECB42BC3FE3600790386 /* Base */,
			);
			name = Main.storyboard;
			sourceTree = "<group>";
		};
		3FFCECB82BC3FE3700790386 /* LaunchScreen.storyboard */ = {
			isa = PBXVariantGroup;
			children = (
				3FFCECB92BC3FE3700790386 /* Base */,
			);
			name = LaunchScreen.storyboard;
			sourceTree = "<group>";
		};
/* End PBXVariantGroup section */

/* Begin XCBuildConfiguration section */
		3FFCECD22BC3FE3800790386 /* Debug */ = {
			isa = XCBuildConfiguration;
			buildSettings = {
				ALWAYS_SEARCH_USER_PATHS = NO;
				ASSETCATALOG_COMPILER_GENERATE_SWIFT_ASSET_SYMBOL_EXTENSIONS = YES;
				CLANG_ANALYZER_NONNULL = YES;
				CLANG_ANALYZER_NUMBER_OBJECT_CONVERSION = YES_AGGRESSIVE;
				CLANG_CXX_LANGUAGE_STANDARD = "gnu++20";
				CLANG_ENABLE_MODULES = YES;
				CLANG_ENABLE_OBJC_ARC = YES;
				CLANG_ENABLE_OBJC_WEAK = YES;
				CLANG_WARN_BLOCK_CAPTURE_AUTORELEASING = YES;
				CLANG_WARN_BOOL_CONVERSION = YES;
				CLANG_WARN_COMMA = YES;
				CLANG_WARN_CONSTANT_CONVERSION = YES;
				CLANG_WARN_DEPRECATED_OBJC_IMPLEMENTATIONS = YES;
				CLANG_WARN_DIRECT_OBJC_ISA_USAGE = YES_ERROR;
				CLANG_WARN_DOCUMENTATION_COMMENTS = YES;
				CLANG_WARN_EMPTY_BODY = YES;
				CLANG_WARN_ENUM_CONVERSION = YES;
				CLANG_WARN_INFINITE_RECURSION = YES;
				CLANG_WARN_INT_CONVERSION = YES;
				CLANG_WARN_NON_LITERAL_NULL_CONVERSION = YES;
				CLANG_WARN_OBJC_IMPLICIT_RETAIN_SELF = YES;
				CLANG_WARN_OBJC_LITERAL_CONVERSION = YES;
				CLANG_WARN_OBJC_ROOT_CLASS = YES_ERROR;
				CLANG_WARN_QUOTED_INCLUDE_IN_FRAMEWORK_HEADER = YES;
				CLANG_WARN_RANGE_LOOP_ANALYSIS = YES;
				CLANG_WARN_STRICT_PROTOTYPES = YES;
				CLANG_WARN_SUSPICIOUS_MOVE = YES;
				CLANG_WARN_UNGUARDED_AVAILABILITY = YES_AGGRESSIVE;
				CLANG_WARN_UNREACHABLE_CODE = YES;
				CLANG_WARN__DUPLICATE_METHOD_MATCH = YES;
				COPY_PHASE_STRIP = NO;
				DEBUG_INFORMATION_FORMAT = dwarf;
				ENABLE_STRICT_OBJC_MSGSEND = YES;
				ENABLE_TESTABILITY = YES;
				ENABLE_USER_SCRIPT_SANDBOXING = YES;
				GCC_C_LANGUAGE_STANDARD = gnu17;
				GCC_DYNAMIC_NO_PIC = NO;
				GCC_NO_COMMON_BLOCKS = YES;
				GCC_OPTIMIZATION_LEVEL = 0;
				GCC_PREPROCESSOR_DEFINITIONS = (
					"DEBUG=1",
					"$(inherited)",
				);
				GCC_WARN_64_TO_32_BIT_CONVERSION = YES;
				GCC_WARN_ABOUT_RETURN_TYPE = YES_ERROR;
				GCC_WARN_UNDECLARED_SELECTOR = YES;
				GCC_WARN_UNINITIALIZED_AUTOS = YES_AGGRESSIVE;
				GCC_WARN_UNUSED_FUNCTION = YES;
				GCC_WARN_UNUSED_VARIABLE = YES;
				IPHONEOS_DEPLOYMENT_TARGET = 17.4;
				LOCALIZATION_PREFERS_STRING_CATALOGS = YES;
				MTL_ENABLE_DEBUG_INFO = INCLUDE_SOURCE;
				MTL_FAST_MATH = YES;
				ONLY_ACTIVE_ARCH = YES;
				SDKROOT = iphoneos;
				SWIFT_ACTIVE_COMPILATION_CONDITIONS = "DEBUG $(inherited)";
				SWIFT_OPTIMIZATION_LEVEL = "-Onone";
			};
			name = Debug;
		};
		3FFCECD32BC3FE3800790386 /* Release */ = {
			isa = XCBuildConfiguration;
			buildSettings = {
				ALWAYS_SEARCH_USER_PATHS = NO;
				ASSETCATALOG_COMPILER_GENERATE_SWIFT_ASSET_SYMBOL_EXTENSIONS = YES;
				CLANG_ANALYZER_NONNULL = YES;
				CLANG_ANALYZER_NUMBER_OBJECT_CONVERSION = YES_AGGRESSIVE;
				CLANG_CXX_LANGUAGE_STANDARD = "gnu++20";
				CLANG_ENABLE_MODULES = YES;
				CLANG_ENABLE_OBJC_ARC = YES;
				CLANG_ENABLE_OBJC_WEAK = YES;
				CLANG_WARN_BLOCK_CAPTURE_AUTORELEASING = YES;
				CLANG_WARN_BOOL_CONVERSION = YES;
				CLANG_WARN_COMMA = YES;
				CLANG_WARN_CONSTANT_CONVERSION = YES;
				CLANG_WARN_DEPRECATED_OBJC_IMPLEMENTATIONS = YES;
				CLANG_WARN_DIRECT_OBJC_ISA_USAGE = YES_ERROR;
				CLANG_WARN_DOCUMENTATION_COMMENTS = YES;
				CLANG_WARN_EMPTY_BODY = YES;
				CLANG_WARN_ENUM_CONVERSION = YES;
				CLANG_WARN_INFINITE_RECURSION = YES;
				CLANG_WARN_INT_CONVERSION = YES;
				CLANG_WARN_NON_LITERAL_NULL_CONVERSION = YES;
				CLANG_WARN_OBJC_IMPLICIT_RETAIN_SELF = YES;
				CLANG_WARN_OBJC_LITERAL_CONVERSION = YES;
				CLANG_WARN_OBJC_ROOT_CLASS = YES_ERROR;
				CLANG_WARN_QUOTED_INCLUDE_IN_FRAMEWORK_HEADER = YES;
				CLANG_WARN_RANGE_LOOP_ANALYSIS = YES;
				CLANG_WARN_STRICT_PROTOTYPES = YES;
				CLANG_WARN_SUSPICIOUS_MOVE = YES;
				CLANG_WARN_UNGUARDED_AVAILABILITY = YES_AGGRESSIVE;
				CLANG_WARN_UNREACHABLE_CODE = YES;
				CLANG_WARN__DUPLICATE_METHOD_MATCH = YES;
				COPY_PHASE_STRIP = NO;
				DEBUG_INFORMATION_FORMAT = "dwarf-with-dsym";
				ENABLE_NS_ASSERTIONS = NO;
				ENABLE_STRICT_OBJC_MSGSEND = YES;
				ENABLE_USER_SCRIPT_SANDBOXING = YES;
				GCC_C_LANGUAGE_STANDARD = gnu17;
				GCC_NO_COMMON_BLOCKS = YES;
				GCC_WARN_64_TO_32_BIT_CONVERSION = YES;
				GCC_WARN_ABOUT_RETURN_TYPE = YES_ERROR;
				GCC_WARN_UNDECLARED_SELECTOR = YES;
				GCC_WARN_UNINITIALIZED_AUTOS = YES_AGGRESSIVE;
				GCC_WARN_UNUSED_FUNCTION = YES;
				GCC_WARN_UNUSED_VARIABLE = YES;
				IPHONEOS_DEPLOYMENT_TARGET = 17.4;
				LOCALIZATION_PREFERS_STRING_CATALOGS = YES;
				MTL_ENABLE_DEBUG_INFO = NO;
				MTL_FAST_MATH = YES;
				SDKROOT = iphoneos;
				SWIFT_COMPILATION_MODE = wholemodule;
				VALIDATE_PRODUCT = YES;
			};
			name = Release;
		};
		3FFCECD52BC3FE3800790386 /* Debug */ = {
			isa = XCBuildConfiguration;
			buildSettings = {
				ASSETCATALOG_COMPILER_APPICON_NAME = AppIcon;
				ASSETCATALOG_COMPILER_GLOBAL_ACCENT_COLOR_NAME = AccentColor;
				CODE_SIGN_STYLE = Automatic;
				CURRENT_PROJECT_VERSION = 1;
				DEVELOPMENT_TEAM = XNVSPR3R4X;
				GENERATE_INFOPLIST_FILE = YES;
				INFOPLIST_FILE = SightGuide/Info.plist;
				INFOPLIST_KEY_NSCameraUsageDescription = "";
				INFOPLIST_KEY_NSMicrophoneUsageDescription = "";
				INFOPLIST_KEY_NSPhotoLibraryUsageDescription = "";
				INFOPLIST_KEY_UIApplicationSupportsIndirectInputEvents = YES;
				INFOPLIST_KEY_UILaunchStoryboardName = LaunchScreen;
				INFOPLIST_KEY_UIMainStoryboardFile = Main;
				INFOPLIST_KEY_UISupportedInterfaceOrientations_iPad = "UIInterfaceOrientationPortrait UIInterfaceOrientationPortraitUpsideDown UIInterfaceOrientationLandscapeLeft UIInterfaceOrientationLandscapeRight";
				INFOPLIST_KEY_UISupportedInterfaceOrientations_iPhone = "UIInterfaceOrientationPortrait UIInterfaceOrientationLandscapeLeft UIInterfaceOrientationLandscapeRight";
				IPHONEOS_DEPLOYMENT_TARGET = 17.0;
				LD_RUNPATH_SEARCH_PATHS = (
					"$(inherited)",
					"@executable_path/Frameworks",
				);
				MARKETING_VERSION = 1.0;
				PRODUCT_BUNDLE_IDENTIFIER = com.FirstApeerp.rSightGuide;
				PRODUCT_NAME = "$(TARGET_NAME)";
				SWIFT_EMIT_LOC_STRINGS = YES;
				SWIFT_VERSION = 5.0;
				TARGETED_DEVICE_FAMILY = "1,2";
			};
			name = Debug;
		};
		3FFCECD62BC3FE3800790386 /* Release */ = {
			isa = XCBuildConfiguration;
			buildSettings = {
				ASSETCATALOG_COMPILER_APPICON_NAME = AppIcon;
				ASSETCATALOG_COMPILER_GLOBAL_ACCENT_COLOR_NAME = AccentColor;
				CODE_SIGN_STYLE = Automatic;
				CURRENT_PROJECT_VERSION = 1;
				DEVELOPMENT_TEAM = XNVSPR3R4X;
				GENERATE_INFOPLIST_FILE = YES;
				INFOPLIST_FILE = SightGuide/Info.plist;
				INFOPLIST_KEY_NSCameraUsageDescription = "";
				INFOPLIST_KEY_NSMicrophoneUsageDescription = "";
				INFOPLIST_KEY_NSPhotoLibraryUsageDescription = "";
				INFOPLIST_KEY_UIApplicationSupportsIndirectInputEvents = YES;
				INFOPLIST_KEY_UILaunchStoryboardName = LaunchScreen;
				INFOPLIST_KEY_UIMainStoryboardFile = Main;
				INFOPLIST_KEY_UISupportedInterfaceOrientations_iPad = "UIInterfaceOrientationPortrait UIInterfaceOrientationPortraitUpsideDown UIInterfaceOrientationLandscapeLeft UIInterfaceOrientationLandscapeRight";
				INFOPLIST_KEY_UISupportedInterfaceOrientations_iPhone = "UIInterfaceOrientationPortrait UIInterfaceOrientationLandscapeLeft UIInterfaceOrientationLandscapeRight";
				IPHONEOS_DEPLOYMENT_TARGET = 17.0;
				LD_RUNPATH_SEARCH_PATHS = (
					"$(inherited)",
					"@executable_path/Frameworks",
				);
				MARKETING_VERSION = 1.0;
				PRODUCT_BUNDLE_IDENTIFIER = com.FirstApeerp.rSightGuide;
				PRODUCT_NAME = "$(TARGET_NAME)";
				SWIFT_EMIT_LOC_STRINGS = YES;
				SWIFT_VERSION = 5.0;
				TARGETED_DEVICE_FAMILY = "1,2";
			};
			name = Release;
		};
		3FFCECD82BC3FE3800790386 /* Debug */ = {
			isa = XCBuildConfiguration;
			buildSettings = {
				ALWAYS_EMBED_SWIFT_STANDARD_LIBRARIES = YES;
				BUNDLE_LOADER = "$(TEST_HOST)";
				CODE_SIGN_STYLE = Automatic;
				CURRENT_PROJECT_VERSION = 1;
				GENERATE_INFOPLIST_FILE = YES;
				IPHONEOS_DEPLOYMENT_TARGET = 17.4;
				MARKETING_VERSION = 1.0;
				PRODUCT_BUNDLE_IDENTIFIER = com.FirstApp.SightGuideTests;
				PRODUCT_NAME = "$(TARGET_NAME)";
				SWIFT_EMIT_LOC_STRINGS = NO;
				SWIFT_VERSION = 5.0;
				TARGETED_DEVICE_FAMILY = "1,2";
				TEST_HOST = "$(BUILT_PRODUCTS_DIR)/SightGuide.app/$(BUNDLE_EXECUTABLE_FOLDER_PATH)/SightGuide";
			};
			name = Debug;
		};
		3FFCECD92BC3FE3800790386 /* Release */ = {
			isa = XCBuildConfiguration;
			buildSettings = {
				ALWAYS_EMBED_SWIFT_STANDARD_LIBRARIES = YES;
				BUNDLE_LOADER = "$(TEST_HOST)";
				CODE_SIGN_STYLE = Automatic;
				CURRENT_PROJECT_VERSION = 1;
				GENERATE_INFOPLIST_FILE = YES;
				IPHONEOS_DEPLOYMENT_TARGET = 17.4;
				MARKETING_VERSION = 1.0;
				PRODUCT_BUNDLE_IDENTIFIER = com.FirstApp.SightGuideTests;
				PRODUCT_NAME = "$(TARGET_NAME)";
				SWIFT_EMIT_LOC_STRINGS = NO;
				SWIFT_VERSION = 5.0;
				TARGETED_DEVICE_FAMILY = "1,2";
				TEST_HOST = "$(BUILT_PRODUCTS_DIR)/SightGuide.app/$(BUNDLE_EXECUTABLE_FOLDER_PATH)/SightGuide";
			};
			name = Release;
		};
		3FFCECDB2BC3FE3800790386 /* Debug */ = {
			isa = XCBuildConfiguration;
			buildSettings = {
				ALWAYS_EMBED_SWIFT_STANDARD_LIBRARIES = YES;
				CODE_SIGN_STYLE = Automatic;
				CURRENT_PROJECT_VERSION = 1;
				GENERATE_INFOPLIST_FILE = YES;
				MARKETING_VERSION = 1.0;
				PRODUCT_BUNDLE_IDENTIFIER = com.FirstApp.SightGuideUITests;
				PRODUCT_NAME = "$(TARGET_NAME)";
				SWIFT_EMIT_LOC_STRINGS = NO;
				SWIFT_VERSION = 5.0;
				TARGETED_DEVICE_FAMILY = "1,2";
				TEST_TARGET_NAME = SightGuide;
			};
			name = Debug;
		};
		3FFCECDC2BC3FE3800790386 /* Release */ = {
			isa = XCBuildConfiguration;
			buildSettings = {
				ALWAYS_EMBED_SWIFT_STANDARD_LIBRARIES = YES;
				CODE_SIGN_STYLE = Automatic;
				CURRENT_PROJECT_VERSION = 1;
				GENERATE_INFOPLIST_FILE = YES;
				MARKETING_VERSION = 1.0;
				PRODUCT_BUNDLE_IDENTIFIER = com.FirstApp.SightGuideUITests;
				PRODUCT_NAME = "$(TARGET_NAME)";
				SWIFT_EMIT_LOC_STRINGS = NO;
				SWIFT_VERSION = 5.0;
				TARGETED_DEVICE_FAMILY = "1,2";
				TEST_TARGET_NAME = SightGuide;
			};
			name = Release;
		};
/* End XCBuildConfiguration section */

/* Begin XCConfigurationList section */
		3FFCECA52BC3FE3600790386 /* Build configuration list for PBXProject "SightGuide" */ = {
			isa = XCConfigurationList;
			buildConfigurations = (
				3FFCECD22BC3FE3800790386 /* Debug */,
				3FFCECD32BC3FE3800790386 /* Release */,
			);
			defaultConfigurationIsVisible = 0;
			defaultConfigurationName = Release;
		};
		3FFCECD42BC3FE3800790386 /* Build configuration list for PBXNativeTarget "SightGuide" */ = {
			isa = XCConfigurationList;
			buildConfigurations = (
				3FFCECD52BC3FE3800790386 /* Debug */,
				3FFCECD62BC3FE3800790386 /* Release */,
			);
			defaultConfigurationIsVisible = 0;
			defaultConfigurationName = Release;
		};
		3FFCECD72BC3FE3800790386 /* Build configuration list for PBXNativeTarget "SightGuideTests" */ = {
			isa = XCConfigurationList;
			buildConfigurations = (
				3FFCECD82BC3FE3800790386 /* Debug */,
				3FFCECD92BC3FE3800790386 /* Release */,
			);
			defaultConfigurationIsVisible = 0;
			defaultConfigurationName = Release;
		};
		3FFCECDA2BC3FE3800790386 /* Build configuration list for PBXNativeTarget "SightGuideUITests" */ = {
			isa = XCConfigurationList;
			buildConfigurations = (
				3FFCECDB2BC3FE3800790386 /* Debug */,
				3FFCECDC2BC3FE3800790386 /* Release */,
			);
			defaultConfigurationIsVisible = 0;
			defaultConfigurationName = Release;
		};
/* End XCConfigurationList section */

/* Begin XCRemoteSwiftPackageReference section */
		266714CD2BDF5CAD00E8D715 /* XCRemoteSwiftPackageReference "swift-algorithms" */ = {
			isa = XCRemoteSwiftPackageReference;
			repositoryURL = "https://github.com/apple/swift-algorithms.git";
			requirement = {
				kind = upToNextMajorVersion;
				minimumVersion = 1.2.0;
			};
		};
/* End XCRemoteSwiftPackageReference section */
	};
	rootObject = 3FFCECA22BC3FE3600790386 /* Project object */;
}
